// !$*UTF8*$!
{
	archiveVersion = 1;
	classes = {
	};
	objectVersion = 77;
	objects = {

/* Begin PBXBuildFile section */
		07A2A4651AA575FEBF94D191 /* SimulatorCameraProvider.swift in Sources */ = {isa = PBXBuildFile; fileRef = 06AC788CDB1F5546EF813A18 /* SimulatorCameraProvider.swift */; };
		179FDC3A8B0E644F699454C4 /* main.swift in Sources */ = {isa = PBXBuildFile; fileRef = 79EB81F6F0FA26FC8C0D512B /* main.swift */; };
		386FA16D47CF0C291E857D00 /* MainView.swift in Sources */ = {isa = PBXBuildFile; fileRef = F9C0BF6EA2153FF6E4FBC5A8 /* MainView.swift */; };
		79393074F69A438E4A0665DC /* SimulatorCameraExtension.systemextension in Embed Dependencies */ = {isa = PBXBuildFile; fileRef = F98E17DBE81C3CB7BB6DD64F /* SimulatorCameraExtension.systemextension */; settings = {ATTRIBUTES = (CodeSignOnCopy, RemoveHeadersOnCopy, ); }; };
		A03B198646B946D161279AE4 /* ExtensionController.swift in Sources */ = {isa = PBXBuildFile; fileRef = 9F7FE73205CB332230563010 /* ExtensionController.swift */; };
		C45434EC9AC1413E7A3F2336 /* App.swift in Sources */ = {isa = PBXBuildFile; fileRef = DCE77BA32C83D30E6F389FEC /* App.swift */; };
/* End PBXBuildFile section */

/* Begin PBXContainerItemProxy section */
		7D16D21985B82E71E2F01CF9 /* PBXContainerItemProxy */ = {
			isa = PBXContainerItemProxy;
			containerPortal = A826E33CF029E6C1E0413B49 /* Project object */;
			proxyType = 1;
			remoteGlobalIDString = 96BA321FA52FBFF181CDE181;
			remoteInfo = SimulatorCameraExtension;
		};
/* End PBXContainerItemProxy section */

/* Begin PBXCopyFilesBuildPhase section */
		4AACD8F0F143DE3CA8F7D170 /* Embed Dependencies */ = {
			isa = PBXCopyFilesBuildPhase;
			buildActionMask = 2147483647;
			dstPath = ../Library/SystemExtensions;
			dstSubfolderSpec = 13;
			files = (
				79393074F69A438E4A0665DC /* SimulatorCameraExtension.systemextension in Embed Dependencies */,
			);
			name = "Embed Dependencies";
			runOnlyForDeploymentPostprocessing = 0;
		};
/* End PBXCopyFilesBuildPhase section */

/* Begin PBXFileReference section */
		06AC788CDB1F5546EF813A18 /* SimulatorCameraProvider.swift */ = {isa = PBXFileReference; lastKnownFileType = sourcecode.swift; path = SimulatorCameraProvider.swift; sourceTree = "<group>"; };
		79EB81F6F0FA26FC8C0D512B /* main.swift */ = {isa = PBXFileReference; lastKnownFileType = sourcecode.swift; path = main.swift; sourceTree = "<group>"; };
		9F7FE73205CB332230563010 /* ExtensionController.swift */ = {isa = PBXFileReference; lastKnownFileType = sourcecode.swift; path = ExtensionController.swift; sourceTree = "<group>"; };
		DB54B2F9E37B302B163A2E80 /* SimulatorCamera.app */ = {isa = PBXFileReference; explicitFileType = wrapper.application; includeInIndex = 0; path = SimulatorCamera.app; sourceTree = BUILT_PRODUCTS_DIR; };
		DCE77BA32C83D30E6F389FEC /* App.swift */ = {isa = PBXFileReference; lastKnownFileType = sourcecode.swift; path = App.swift; sourceTree = "<group>"; };
		F98E17DBE81C3CB7BB6DD64F /* SimulatorCameraExtension.systemextension */ = {isa = PBXFileReference; explicitFileType = "wrapper.system-extension"; includeInIndex = 0; path = SimulatorCameraExtension.systemextension; sourceTree = BUILT_PRODUCTS_DIR; };
		F9C0BF6EA2153FF6E4FBC5A8 /* MainView.swift */ = {isa = PBXFileReference; lastKnownFileType = sourcecode.swift; path = MainView.swift; sourceTree = "<group>"; };
/* End PBXFileReference section */

/* Begin PBXGroup section */
		28B2B547EAE32A48697EE743 /* SimulatorCameraExtension */ = {
			isa = PBXGroup;
			children = (
				79EB81F6F0FA26FC8C0D512B /* main.swift */,
				06AC788CDB1F5546EF813A18 /* SimulatorCameraProvider.swift */,
			);
			path = SimulatorCameraExtension;
			sourceTree = "<group>";
		};
		63CDB52FF0C3B205A4C643EF = {
			isa = PBXGroup;
			children = (
				E1F89F8248179DAE48944641 /* SimulatorCamera */,
				28B2B547EAE32A48697EE743 /* SimulatorCameraExtension */,
				BA66F457FD4957682D57E9FE /* Products */,
			);
			sourceTree = "<group>";
		};
		BA66F457FD4957682D57E9FE /* Products */ = {
			isa = PBXGroup;
			children = (
				DB54B2F9E37B302B163A2E80 /* SimulatorCamera.app */,
				F98E17DBE81C3CB7BB6DD64F /* SimulatorCameraExtension.systemextension */,
			);
			name = Products;
			sourceTree = "<group>";
		};
		E1F89F8248179DAE48944641 /* SimulatorCamera */ = {
			isa = PBXGroup;
			children = (
				DCE77BA32C83D30E6F389FEC /* App.swift */,
				9F7FE73205CB332230563010 /* ExtensionController.swift */,
				F9C0BF6EA2153FF6E4FBC5A8 /* MainView.swift */,
			);
			path = SimulatorCamera;
			sourceTree = "<group>";
		};
/* End PBXGroup section */

/* Begin PBXNativeTarget section */
		96BA321FA52FBFF181CDE181 /* SimulatorCameraExtension */ = {
			isa = PBXNativeTarget;
			buildConfigurationList = 75514DA01A30C0820059B3D6 /* Build configuration list for PBXNativeTarget "SimulatorCameraExtension" */;
			buildPhases = (
				B07C9285E738D4593FB91098 /* Sources */,
			);
			buildRules = (
			);
			dependencies = (
			);
			name = SimulatorCameraExtension;
			packageProductDependencies = (
			);
			productName = SimulatorCameraExtension;
			productReference = F98E17DBE81C3CB7BB6DD64F /* SimulatorCameraExtension.systemextension */;
			productType = "com.apple.product-type.system-extension";
		};
		F841A99D64919215BF4E65C1 /* SimulatorCamera */ = {
			isa = PBXNativeTarget;
			buildConfigurationList = BBEB37D7F7DD731A68F7956A /* Build configuration list for PBXNativeTarget "SimulatorCamera" */;
			buildPhases = (
				1096B2376032B3F8640D7973 /* Sources */,
				4AACD8F0F143DE3CA8F7D170 /* Embed Dependencies */,
			);
			buildRules = (
			);
			dependencies = (
				8F2F5D5E894729086B418E7C /* PBXTargetDependency */,
			);
			name = SimulatorCamera;
			packageProductDependencies = (
			);
			productName = SimulatorCamera;
			productReference = DB54B2F9E37B302B163A2E80 /* SimulatorCamera.app */;
			productType = "com.apple.product-type.application";
		};
/* End PBXNativeTarget section */

/* Begin PBXProject section */
		A826E33CF029E6C1E0413B49 /* Project object */ = {
			isa = PBXProject;
			attributes = {
				BuildIndependentTargetsInParallel = YES;
				LastUpgradeCheck = 1430;
				TargetAttributes = {
					96BA321FA52FBFF181CDE181 = {
						ProvisioningStyle = Automatic;
					};
					F841A99D64919215BF4E65C1 = {
						ProvisioningStyle = Automatic;
					};
				};
			};
			buildConfigurationList = 9FC8AAD55B1320ED31DCB651 /* Build configuration list for PBXProject "SimulatorCamera" */;
			developmentRegion = en;
			hasScannedForEncodings = 0;
			knownRegions = (
				Base,
				en,
			);
			mainGroup = 63CDB52FF0C3B205A4C643EF;
			minimizedProjectReferenceProxies = 1;
			preferredProjectObjectVersion = 77;
			productRefGroup = BA66F457FD4957682D57E9FE /* Products */;
			projectDirPath = "";
			projectRoot = "";
			targets = (
				F841A99D64919215BF4E65C1 /* SimulatorCamera */,
				96BA321FA52FBFF181CDE181 /* SimulatorCameraExtension */,
			);
		};
/* End PBXProject section */

/* Begin PBXSourcesBuildPhase section */
		1096B2376032B3F8640D7973 /* Sources */ = {
			isa = PBXSourcesBuildPhase;
			buildActionMask = 2147483647;
			files = (
				C45434EC9AC1413E7A3F2336 /* App.swift in Sources */,
				A03B198646B946D161279AE4 /* ExtensionController.swift in Sources */,
				386FA16D47CF0C291E857D00 /* MainView.swift in Sources */,
			);
			runOnlyForDeploymentPostprocessing = 0;
		};
		B07C9285E738D4593FB91098 /* Sources */ = {
			isa = PBXSourcesBuildPhase;
			buildActionMask = 2147483647;
			files = (
				07A2A4651AA575FEBF94D191 /* SimulatorCameraProvider.swift in Sources */,
				179FDC3A8B0E644F699454C4 /* main.swift in Sources */,
			);
			runOnlyForDeploymentPostprocessing = 0;
		};
/* End PBXSourcesBuildPhase section */

/* Begin PBXTargetDependency section */
		8F2F5D5E894729086B418E7C /* PBXTargetDependency */ = {
			isa = PBXTargetDependency;
			target = 96BA321FA52FBFF181CDE181 /* SimulatorCameraExtension */;
			targetProxy = 7D16D21985B82E71E2F01CF9 /* PBXContainerItemProxy */;
		};
/* End PBXTargetDependency section */

/* Begin XCBuildConfiguration section */
		072926521B40E2AC043AA609 /* Release */ = {
			isa = XCBuildConfiguration;
			buildSettings = {
				ALWAYS_SEARCH_USER_PATHS = NO;
				CLANG_ANALYZER_NONNULL = YES;
				CLANG_ANALYZER_NUMBER_OBJECT_CONVERSION = YES_AGGRESSIVE;
				CLANG_CXX_LANGUAGE_STANDARD = "gnu++14";
				CLANG_CXX_LIBRARY = "libc++";
				CLANG_ENABLE_MODULES = YES;
				CLANG_ENABLE_OBJC_ARC = YES;
				CLANG_ENABLE_OBJC_WEAK = YES;
				CLANG_WARN_BLOCK_CAPTURE_AUTORELEASING = YES;
				CLANG_WARN_BOOL_CONVERSION = YES;
				CLANG_WARN_COMMA = YES;
				CLANG_WARN_CONSTANT_CONVERSION = YES;
				CLANG_WARN_DEPRECATED_OBJC_IMPLEMENTATIONS = YES;
				CLANG_WARN_DIRECT_OBJC_ISA_USAGE = YES_ERROR;
				CLANG_WARN_DOCUMENTATION_COMMENTS = YES;
				CLANG_WARN_EMPTY_BODY = YES;
				CLANG_WARN_ENUM_CONVERSION = YES;
				CLANG_WARN_INFINITE_RECURSION = YES;
				CLANG_WARN_INT_CONVERSION = YES;
				CLANG_WARN_NON_LITERAL_NULL_CONVERSION = YES;
				CLANG_WARN_OBJC_IMPLICIT_RETAIN_SELF = YES;
				CLANG_WARN_OBJC_LITERAL_CONVERSION = YES;
				CLANG_WARN_OBJC_ROOT_CLASS = YES_ERROR;
				CLANG_WARN_QUOTED_INCLUDE_IN_FRAMEWORK_HEADER = YES;
				CLANG_WARN_RANGE_LOOP_ANALYSIS = YES;
				CLANG_WARN_STRICT_PROTOTYPES = YES;
				CLANG_WARN_SUSPICIOUS_MOVE = YES;
				CLANG_WARN_UNGUARDED_AVAILABILITY = YES_AGGRESSIVE;
				CLANG_WARN_UNREACHABLE_CODE = YES;
				CLANG_WARN__DUPLICATE_METHOD_MATCH = YES;
				COPY_PHASE_STRIP = NO;
				CURRENT_PROJECT_VERSION = 1;
				DEAD_CODE_STRIPPING = YES;
				DEBUG_INFORMATION_FORMAT = "dwarf-with-dsym";
				ENABLE_NS_ASSERTIONS = NO;
				ENABLE_STRICT_OBJC_MSGSEND = YES;
				ENABLE_USER_SCRIPT_SANDBOXING = YES;
				GCC_C_LANGUAGE_STANDARD = gnu11;
				GCC_NO_COMMON_BLOCKS = YES;
				GCC_WARN_64_TO_32_BIT_CONVERSION = YES;
				GCC_WARN_ABOUT_RETURN_TYPE = YES_ERROR;
				GCC_WARN_UNDECLARED_SELECTOR = YES;
				GCC_WARN_UNINITIALIZED_AUTOS = YES_AGGRESSIVE;
				GCC_WARN_UNUSED_FUNCTION = YES;
				GCC_WARN_UNUSED_VARIABLE = YES;
				MACOSX_DEPLOYMENT_TARGET = 14.0;
				MARKETING_VERSION = 1.0.0;
				MTL_ENABLE_DEBUG_INFO = NO;
				MTL_FAST_MATH = YES;
				PRODUCT_NAME = "$(TARGET_NAME)";
				SDKROOT = macosx;
				SWIFT_COMPILATION_MODE = wholemodule;
				SWIFT_OPTIMIZATION_LEVEL = "-O";
				SWIFT_STRICT_CONCURRENCY = minimal;
				SWIFT_VERSION = 5.10;
			};
			name = Release;
		};
		15BB7437A0E0E3DBE1EE54F6 /* Debug */ = {
			isa = XCBuildConfiguration;
			buildSettings = {
				ASSETCATALOG_COMPILER_APPICON_NAME = AppIcon;
				CODE_SIGN_ENTITLEMENTS = SimulatorCamera/SimulatorCamera.entitlements;
				CODE_SIGN_STYLE = Automatic;
				COMBINE_HIDPI_IMAGES = YES;
				ENABLE_HARDENED_RUNTIME = YES;
				GENERATE_INFOPLIST_FILE = NO;
				INFOPLIST_FILE = SimulatorCamera/Info.plist;
				LD_RUNPATH_SEARCH_PATHS = (
					"$(inherited)",
					"@executable_path/../Frameworks",
				);
				PRODUCT_BUNDLE_IDENTIFIER = com.dautov.SimulatorCamera;
				PRODUCT_NAME = SimulatorCamera;
				SDKROOT = macosx;
			};
			name = Debug;
		};
		419BA6B7B82E0C070F74BBB8 /* Debug */ = {
			isa = XCBuildConfiguration;
			buildSettings = {
				ALWAYS_SEARCH_USER_PATHS = NO;
				CLANG_ANALYZER_NONNULL = YES;
				CLANG_ANALYZER_NUMBER_OBJECT_CONVERSION = YES_AGGRESSIVE;
				CLANG_CXX_LANGUAGE_STANDARD = "gnu++14";
				CLANG_CXX_LIBRARY = "libc++";
				CLANG_ENABLE_MODULES = YES;
				CLANG_ENABLE_OBJC_ARC = YES;
				CLANG_ENABLE_OBJC_WEAK = YES;
				CLANG_WARN_BLOCK_CAPTURE_AUTORELEASING = YES;
				CLANG_WARN_BOOL_CONVERSION = YES;
				CLANG_WARN_COMMA = YES;
				CLANG_WARN_CONSTANT_CONVERSION = YES;
				CLANG_WARN_DEPRECATED_OBJC_IMPLEMENTATIONS = YES;
				CLANG_WARN_DIRECT_OBJC_ISA_USAGE = YES_ERROR;
				CLANG_WARN_DOCUMENTATION_COMMENTS = YES;
				CLANG_WARN_EMPTY_BODY = YES;
				CLANG_WARN_ENUM_CONVERSION = YES;
				CLANG_WARN_INFINITE_RECURSION = YES;
				CLANG_WARN_INT_CONVERSION = YES;
				CLANG_WARN_NON_LITERAL_NULL_CONVERSION = YES;
				CLANG_WARN_OBJC_IMPLICIT_RETAIN_SELF = YES;
				CLANG_WARN_OBJC_LITERAL_CONVERSION = YES;
				CLANG_WARN_OBJC_ROOT_CLASS = YES_ERROR;
				CLANG_WARN_QUOTED_INCLUDE_IN_FRAMEWORK_HEADER = YES;
				CLANG_WARN_RANGE_LOOP_ANALYSIS = YES;
				CLANG_WARN_STRICT_PROTOTYPES = YES;
				CLANG_WARN_SUSPICIOUS_MOVE = YES;
				CLANG_WARN_UNGUARDED_AVAILABILITY = YES_AGGRESSIVE;
				CLANG_WARN_UNREACHABLE_CODE = YES;
				CLANG_WARN__DUPLICATE_METHOD_MATCH = YES;
				COPY_PHASE_STRIP = NO;
				CURRENT_PROJECT_VERSION = 1;
				DEAD_CODE_STRIPPING = YES;
				DEBUG_INFORMATION_FORMAT = dwarf;
				ENABLE_STRICT_OBJC_MSGSEND = YES;
				ENABLE_TESTABILITY = YES;
				ENABLE_USER_SCRIPT_SANDBOXING = YES;
				GCC_C_LANGUAGE_STANDARD = gnu11;
				GCC_DYNAMIC_NO_PIC = NO;
				GCC_NO_COMMON_BLOCKS = YES;
				GCC_OPTIMIZATION_LEVEL = 0;
				GCC_PREPROCESSOR_DEFINITIONS = (
					"$(inherited)",
					"DEBUG=1",
				);
				GCC_WARN_64_TO_32_BIT_CONVERSION = YES;
				GCC_WARN_ABOUT_RETURN_TYPE = YES_ERROR;
				GCC_WARN_UNDECLARED_SELECTOR = YES;
				GCC_WARN_UNINITIALIZED_AUTOS = YES_AGGRESSIVE;
				GCC_WARN_UNUSED_FUNCTION = YES;
				GCC_WARN_UNUSED_VARIABLE = YES;
				MACOSX_DEPLOYMENT_TARGET = 14.0;
				MARKETING_VERSION = 1.0.0;
				MTL_ENABLE_DEBUG_INFO = INCLUDE_SOURCE;
				MTL_FAST_MATH = YES;
				ONLY_ACTIVE_ARCH = YES;
				PRODUCT_NAME = "$(TARGET_NAME)";
				SDKROOT = macosx;
				SWIFT_ACTIVE_COMPILATION_CONDITIONS = DEBUG;
				SWIFT_OPTIMIZATION_LEVEL = "-Onone";
				SWIFT_STRICT_CONCURRENCY = minimal;
				SWIFT_VERSION = 5.10;
			};
			name = Debug;
		};
		9B5B858A436518EFAEC4E85C /* Release */ = {
			isa = XCBuildConfiguration;
			buildSettings = {
				CODE_SIGN_ENTITLEMENTS = SimulatorCameraExtension/SimulatorCameraExtension.entitlements;
				CODE_SIGN_STYLE = Automatic;
				COMBINE_HIDPI_IMAGES = YES;
				ENABLE_HARDENED_RUNTIME = YES;
				GENERATE_INFOPLIST_FILE = NO;
				INFOPLIST_FILE = SimulatorCameraExtension/Info.plist;
				LD_RUNPATH_SEARCH_PATHS = (
					"$(inherited)",
					"@executable_path/../Frameworks",
				);
				PRODUCT_BUNDLE_IDENTIFIER = com.dautov.SimulatorCamera.Extension;
				PRODUCT_NAME = SimulatorCameraExtension;
				SDKROOT = macosx;
				SKIP_INSTALL = YES;
			};
			name = Release;
		};
		BAB11D5B1CA0F0ECD5EB9CFA /* Release */ = {
			isa = XCBuildConfiguration;
			buildSettings = {
				ASSETCATALOG_COMPILER_APPICON_NAME = AppIcon;
				CODE_SIGN_ENTITLEMENTS = SimulatorCamera/SimulatorCamera.entitlements;
				CODE_SIGN_STYLE = Automatic;
				COMBINE_HIDPI_IMAGES = YES;
				ENABLE_HARDENED_RUNTIME = YES;
				GENERATE_INFOPLIST_FILE = NO;
				INFOPLIST_FILE = SimulatorCamera/Info.plist;
				LD_RUNPATH_SEARCH_PATHS = (
					"$(inherited)",
					"@executable_path/../Frameworks",
				);
				PRODUCT_BUNDLE_IDENTIFIER = com.dautov.SimulatorCamera;
				PRODUCT_NAME = SimulatorCamera;
				SDKROOT = macosx;
			};
			name = Release;
		};
		D20E37D27F081A987D8244DB /* Debug */ = {
			isa = XCBuildConfiguration;
			buildSettings = {
				CODE_SIGN_ENTITLEMENTS = SimulatorCameraExtension/SimulatorCameraExtension.entitlements;
				CODE_SIGN_STYLE = Automatic;
				COMBINE_HIDPI_IMAGES = YES;
				ENABLE_HARDENED_RUNTIME = YES;
				GENERATE_INFOPLIST_FILE = NO;
				INFOPLIST_FILE = SimulatorCameraExtension/Info.plist;
				LD_RUNPATH_SEARCH_PATHS = (
					"$(inherited)",
					"@executable_path/../Frameworks",
				);
				PRODUCT_BUNDLE_IDENTIFIER = com.dautov.SimulatorCamera.Extension;
				PRODUCT_NAME = SimulatorCameraExtension;
				SDKROOT = macosx;
				SKIP_INSTALL = YES;
			};
			name = Debug;
		};
/* End XCBuildConfiguration section */

/* Begin XCConfigurationList section */
		75514DA01A30C0820059B3D6 /* Build configuration list for PBXNativeTarget "SimulatorCameraExtension" */ = {
			isa = XCConfigurationList;
			buildConfigurations = (
				D20E37D27F081A987D8244DB /* Debug */,
				9B5B858A436518EFAEC4E85C /* Release */,
			);
			defaultConfigurationIsVisible = 0;
			defaultConfigurationName = Debug;
		};
		9FC8AAD55B1320ED31DCB651 /* Build configuration list for PBXProject "SimulatorCamera" */ = {
			isa = XCConfigurationList;
			buildConfigurations = (
				419BA6B7B82E0C070F74BBB8 /* Debug */,
				072926521B40E2AC043AA609 /* Release */,
			);
			defaultConfigurationIsVisible = 0;
			defaultConfigurationName = Debug;
		};
		BBEB37D7F7DD731A68F7956A /* Build configuration list for PBXNativeTarget "SimulatorCamera" */ = {
			isa = XCConfigurationList;
			buildConfigurations = (
				15BB7437A0E0E3DBE1EE54F6 /* Debug */,
				BAB11D5B1CA0F0ECD5EB9CFA /* Release */,
			);
			defaultConfigurationIsVisible = 0;
			defaultConfigurationName = Debug;
		};
/* End XCConfigurationList section */
	};
	rootObject = A826E33CF029E6C1E0413B49 /* Project object */;
}
