// !$*UTF8*$!
{
	archiveVersion = 1;
	classes = {
	};
	objectVersion = 77;
	objects = {

/* Begin PBXBuildFile section */
		07A2A4651AA575FEBF94D191 /* SimulatorCameraProvider.swift in Sources */ = {isa = PBXBuildFile; fileRef = 06AC788CDB1F5546EF813A18 /* SimulatorCameraProvider.swift */; };
		0B0F268D9B7EE26F8904395C /* SourceManager.swift in Sources */ = {isa = PBXBuildFile; fileRef = 5009C01A5443FF9242C25F78 /* SourceManager.swift */; };
		123734FDBD4B874EC803EC0B /* CameraContract.swift in Sources */ = {isa = PBXBuildFile; fileRef = EED1C6F161452746D401A561 /* CameraContract.swift */; };
		15791A539F2708C098E31D62 /* ImageSource.swift in Sources */ = {isa = PBXBuildFile; fileRef = EA6DB0DCE94EADD660FAB81A /* ImageSource.swift */; };
		179FDC3A8B0E644F699454C4 /* main.swift in Sources */ = {isa = PBXBuildFile; fileRef = 79EB81F6F0FA26FC8C0D512B /* main.swift */; };
		2AB97A0BCC2C375207D8AFD6 /* FrameRaster.swift in Sources */ = {isa = PBXBuildFile; fileRef = 7F22D3D2109AC909C586B1F9 /* FrameRaster.swift */; };
		30DCA34043EAA4DDA7E43A57 /* CMIOSinkClient.swift in Sources */ = {isa = PBXBuildFile; fileRef = B2627A8C5CB8687217B22436 /* CMIOSinkClient.swift */; };
		313CD0876911B414C8C71B91 /* FrameRaster.swift in Sources */ = {isa = PBXBuildFile; fileRef = 7F22D3D2109AC909C586B1F9 /* FrameRaster.swift */; };
		386FA16D47CF0C291E857D00 /* MainView.swift in Sources */ = {isa = PBXBuildFile; fileRef = F9C0BF6EA2153FF6E4FBC5A8 /* MainView.swift */; };
		407FDEB20AF617B242C43F43 /* QRSource.swift in Sources */ = {isa = PBXBuildFile; fileRef = 5543F1512AE6614C0DE4861D /* QRSource.swift */; };
		4FC626F7D38B26A92C8F017F /* QRRenderer.swift in Sources */ = {isa = PBXBuildFile; fileRef = 382C35DD80E3AE7C84200CC3 /* QRRenderer.swift */; };
		501C657F795A0DC953369029 /* FrameSource.swift in Sources */ = {isa = PBXBuildFile; fileRef = 0C92C6072F6DEFA308054810 /* FrameSource.swift */; };
		51E5EA50870F8492143CA20F /* CameraLink.swift in Sources */ = {isa = PBXBuildFile; fileRef = 37304038FE36D2D1035F449C /* CameraLink.swift */; };
		5E029E026C17668F22241296 /* FrameRaster.swift in Sources */ = {isa = PBXBuildFile; fileRef = 7F22D3D2109AC909C586B1F9 /* FrameRaster.swift */; };
		704954DE3FE7D5F29F53A9EF /* QRRenderer.swift in Sources */ = {isa = PBXBuildFile; fileRef = 382C35DD80E3AE7C84200CC3 /* QRRenderer.swift */; };
		79393074F69A438E4A0665DC /* SimulatorCameraExtension.systemextension in Embed Dependencies */ = {isa = PBXBuildFile; fileRef = F98E17DBE81C3CB7BB6DD64F /* SimulatorCameraExtension.systemextension */; settings = {ATTRIBUTES = (CodeSignOnCopy, RemoveHeadersOnCopy, ); }; };
		9A9423F300616A5876893390 /* SimCamCLIClient.swift in Sources */ = {isa = PBXBuildFile; fileRef = 17E2492228A96A265315275C /* SimCamCLIClient.swift */; };
		9F46B480FDD94B5D2359EB61 /* main.swift in Sources */ = {isa = PBXBuildFile; fileRef = 34DBFC0A082BB7CE216717D6 /* main.swift */; };
		A03B198646B946D161279AE4 /* ExtensionController.swift in Sources */ = {isa = PBXBuildFile; fileRef = 9F7FE73205CB332230563010 /* ExtensionController.swift */; };
		A17CABFD712A0F8A6992E430 /* CameraContractTests.swift in Sources */ = {isa = PBXBuildFile; fileRef = 208AA3693AAB57C41B83F610 /* CameraContractTests.swift */; };
		A86A15DD7CB53CE6EB144F28 /* CMIOSinkClient.swift in Sources */ = {isa = PBXBuildFile; fileRef = B2627A8C5CB8687217B22436 /* CMIOSinkClient.swift */; };
		B99D036AA1563999AD109EBB /* CameraContract.swift in Sources */ = {isa = PBXBuildFile; fileRef = EED1C6F161452746D401A561 /* CameraContract.swift */; };
		BE593A54205871224550F5FF /* CameraContract.swift in Sources */ = {isa = PBXBuildFile; fileRef = EED1C6F161452746D401A561 /* CameraContract.swift */; };
		BFBE13333CF067BDB88CB825 /* QRRenderer.swift in Sources */ = {isa = PBXBuildFile; fileRef = 382C35DD80E3AE7C84200CC3 /* QRRenderer.swift */; };
		C19164B157204DEC18FE9AEA /* CMIOSinkClient.swift in Sources */ = {isa = PBXBuildFile; fileRef = B2627A8C5CB8687217B22436 /* CMIOSinkClient.swift */; };
		C45434EC9AC1413E7A3F2336 /* App.swift in Sources */ = {isa = PBXBuildFile; fileRef = DCE77BA32C83D30E6F389FEC /* App.swift */; };
		CA28817E141686080C6B6B62 /* FrameRaster.swift in Sources */ = {isa = PBXBuildFile; fileRef = 7F22D3D2109AC909C586B1F9 /* FrameRaster.swift */; };
		D28E5DD221A2F8ACAEFD1D9A /* QRRenderer.swift in Sources */ = {isa = PBXBuildFile; fileRef = 382C35DD80E3AE7C84200CC3 /* QRRenderer.swift */; };
		D3B54EFD8EC9634626E4351F /* MacCameraSource.swift in Sources */ = {isa = PBXBuildFile; fileRef = 4F36CFC13EBA8752E4B0A6C2 /* MacCameraSource.swift */; };
		D97A5DF273D525682867329C /* CMIOSinkClient.swift in Sources */ = {isa = PBXBuildFile; fileRef = B2627A8C5CB8687217B22436 /* CMIOSinkClient.swift */; };
		EA24C3B90C006BB89A1CDC6B /* CameraContract.swift in Sources */ = {isa = PBXBuildFile; fileRef = EED1C6F161452746D401A561 /* CameraContract.swift */; };
		F6D3FCD3CDF09C4E6AB84FB0 /* VideoFileSource.swift in Sources */ = {isa = PBXBuildFile; fileRef = 197CD7BA6EB552D5C96D7431 /* VideoFileSource.swift */; };
/* End PBXBuildFile section */

/* Begin PBXContainerItemProxy section */
		7D16D21985B82E71E2F01CF9 /* PBXContainerItemProxy */ = {
			isa = PBXContainerItemProxy;
			containerPortal = A826E33CF029E6C1E0413B49 /* Project object */;
			proxyType = 1;
			remoteGlobalIDString = 96BA321FA52FBFF181CDE181;
			remoteInfo = SimulatorCameraExtension;
		};
/* End PBXContainerItemProxy section */

/* Begin PBXCopyFilesBuildPhase section */
		4AACD8F0F143DE3CA8F7D170 /* Embed Dependencies */ = {
			isa = PBXCopyFilesBuildPhase;
			buildActionMask = 2147483647;
			dstPath = ../Library/SystemExtensions;
			dstSubfolderSpec = 13;
			files = (
				79393074F69A438E4A0665DC /* SimulatorCameraExtension.systemextension in Embed Dependencies */,
			);
			name = "Embed Dependencies";
			runOnlyForDeploymentPostprocessing = 0;
		};
/* End PBXCopyFilesBuildPhase section */

/* Begin PBXFileReference section */
		02097D9CA05CFC06EEBF4035 /* SimulatorCameraTests.xctest */ = {isa = PBXFileReference; explicitFileType = wrapper.cfbundle; includeInIndex = 0; path = SimulatorCameraTests.xctest; sourceTree = BUILT_PRODUCTS_DIR; };
		06AC788CDB1F5546EF813A18 /* SimulatorCameraProvider.swift */ = {isa = PBXFileReference; lastKnownFileType = sourcecode.swift; path = SimulatorCameraProvider.swift; sourceTree = "<group>"; };
		0C92C6072F6DEFA308054810 /* FrameSource.swift */ = {isa = PBXFileReference; lastKnownFileType = sourcecode.swift; path = FrameSource.swift; sourceTree = "<group>"; };
		17E2492228A96A265315275C /* SimCamCLIClient.swift */ = {isa = PBXFileReference; lastKnownFileType = sourcecode.swift; path = SimCamCLIClient.swift; sourceTree = "<group>"; };
		197CD7BA6EB552D5C96D7431 /* VideoFileSource.swift */ = {isa = PBXFileReference; lastKnownFileType = sourcecode.swift; path = VideoFileSource.swift; sourceTree = "<group>"; };
		208AA3693AAB57C41B83F610 /* CameraContractTests.swift */ = {isa = PBXFileReference; lastKnownFileType = sourcecode.swift; path = CameraContractTests.swift; sourceTree = "<group>"; };
		34DBFC0A082BB7CE216717D6 /* main.swift */ = {isa = PBXFileReference; lastKnownFileType = sourcecode.swift; path = main.swift; sourceTree = "<group>"; };
		37304038FE36D2D1035F449C /* CameraLink.swift */ = {isa = PBXFileReference; lastKnownFileType = sourcecode.swift; path = CameraLink.swift; sourceTree = "<group>"; };
		382C35DD80E3AE7C84200CC3 /* QRRenderer.swift */ = {isa = PBXFileReference; lastKnownFileType = sourcecode.swift; path = QRRenderer.swift; sourceTree = "<group>"; };
		4F36CFC13EBA8752E4B0A6C2 /* MacCameraSource.swift */ = {isa = PBXFileReference; lastKnownFileType = sourcecode.swift; path = MacCameraSource.swift; sourceTree = "<group>"; };
		5009C01A5443FF9242C25F78 /* SourceManager.swift */ = {isa = PBXFileReference; lastKnownFileType = sourcecode.swift; path = SourceManager.swift; sourceTree = "<group>"; };
		5543F1512AE6614C0DE4861D /* QRSource.swift */ = {isa = PBXFileReference; lastKnownFileType = sourcecode.swift; path = QRSource.swift; sourceTree = "<group>"; };
		79EB81F6F0FA26FC8C0D512B /* main.swift */ = {isa = PBXFileReference; lastKnownFileType = sourcecode.swift; path = main.swift; sourceTree = "<group>"; };
		7F22D3D2109AC909C586B1F9 /* FrameRaster.swift */ = {isa = PBXFileReference; lastKnownFileType = sourcecode.swift; path = FrameRaster.swift; sourceTree = "<group>"; };
		9F7FE73205CB332230563010 /* ExtensionController.swift */ = {isa = PBXFileReference; lastKnownFileType = sourcecode.swift; path = ExtensionController.swift; sourceTree = "<group>"; };
		B2627A8C5CB8687217B22436 /* CMIOSinkClient.swift */ = {isa = PBXFileReference; lastKnownFileType = sourcecode.swift; path = CMIOSinkClient.swift; sourceTree = "<group>"; };
		DB54B2F9E37B302B163A2E80 /* SimulatorCamera.app */ = {isa = PBXFileReference; explicitFileType = wrapper.application; includeInIndex = 0; path = SimulatorCamera.app; sourceTree = BUILT_PRODUCTS_DIR; };
		DCE77BA32C83D30E6F389FEC /* App.swift */ = {isa = PBXFileReference; lastKnownFileType = sourcecode.swift; path = App.swift; sourceTree = "<group>"; };
		EA6DB0DCE94EADD660FAB81A /* ImageSource.swift */ = {isa = PBXFileReference; lastKnownFileType = sourcecode.swift; path = ImageSource.swift; sourceTree = "<group>"; };
		EED1C6F161452746D401A561 /* CameraContract.swift */ = {isa = PBXFileReference; lastKnownFileType = sourcecode.swift; path = CameraContract.swift; sourceTree = "<group>"; };
		F98E17DBE81C3CB7BB6DD64F /* SimulatorCameraExtension.systemextension */ = {isa = PBXFileReference; explicitFileType = "wrapper.system-extension"; includeInIndex = 0; path = SimulatorCameraExtension.systemextension; sourceTree = BUILT_PRODUCTS_DIR; };
		F9C0BF6EA2153FF6E4FBC5A8 /* MainView.swift */ = {isa = PBXFileReference; lastKnownFileType = sourcecode.swift; path = MainView.swift; sourceTree = "<group>"; };
		FABB5CBC712CB80CE50B8C1E /* simcamctl */ = {isa = PBXFileReference; includeInIndex = 0; path = simcamctl; sourceTree = BUILT_PRODUCTS_DIR; };
/* End PBXFileReference section */

/* Begin PBXGroup section */
		201FDA92DC5F211BE9CA007C /* Tests */ = {
			isa = PBXGroup;
			children = (
				208AA3693AAB57C41B83F610 /* CameraContractTests.swift */,
			);
			path = Tests;
			sourceTree = "<group>";
		};
		272BD53EC752678E900DC201 /* simcamctl */ = {
			isa = PBXGroup;
			children = (
				34DBFC0A082BB7CE216717D6 /* main.swift */,
				17E2492228A96A265315275C /* SimCamCLIClient.swift */,
			);
			path = simcamctl;
			sourceTree = "<group>";
		};
		28B2B547EAE32A48697EE743 /* SimulatorCameraExtension */ = {
			isa = PBXGroup;
			children = (
				79EB81F6F0FA26FC8C0D512B /* main.swift */,
				06AC788CDB1F5546EF813A18 /* SimulatorCameraProvider.swift */,
			);
			path = SimulatorCameraExtension;
			sourceTree = "<group>";
		};
		47C00AF28DD07896D781CE34 /* Shared */ = {
			isa = PBXGroup;
			children = (
				EED1C6F161452746D401A561 /* CameraContract.swift */,
				B2627A8C5CB8687217B22436 /* CMIOSinkClient.swift */,
				7F22D3D2109AC909C586B1F9 /* FrameRaster.swift */,
				382C35DD80E3AE7C84200CC3 /* QRRenderer.swift */,
			);
			path = Shared;
			sourceTree = "<group>";
		};
		63CDB52FF0C3B205A4C643EF = {
			isa = PBXGroup;
			children = (
				47C00AF28DD07896D781CE34 /* Shared */,
				272BD53EC752678E900DC201 /* simcamctl */,
				E1F89F8248179DAE48944641 /* SimulatorCamera */,
				28B2B547EAE32A48697EE743 /* SimulatorCameraExtension */,
				201FDA92DC5F211BE9CA007C /* Tests */,
				BA66F457FD4957682D57E9FE /* Products */,
			);
			sourceTree = "<group>";
		};
		BA66F457FD4957682D57E9FE /* Products */ = {
			isa = PBXGroup;
			children = (
				FABB5CBC712CB80CE50B8C1E /* simcamctl */,
				DB54B2F9E37B302B163A2E80 /* SimulatorCamera.app */,
				F98E17DBE81C3CB7BB6DD64F /* SimulatorCameraExtension.systemextension */,
				02097D9CA05CFC06EEBF4035 /* SimulatorCameraTests.xctest */,
			);
			name = Products;
			sourceTree = "<group>";
		};
		E1F89F8248179DAE48944641 /* SimulatorCamera */ = {
			isa = PBXGroup;
			children = (
				DCE77BA32C83D30E6F389FEC /* App.swift */,
				37304038FE36D2D1035F449C /* CameraLink.swift */,
				9F7FE73205CB332230563010 /* ExtensionController.swift */,
				0C92C6072F6DEFA308054810 /* FrameSource.swift */,
				EA6DB0DCE94EADD660FAB81A /* ImageSource.swift */,
				4F36CFC13EBA8752E4B0A6C2 /* MacCameraSource.swift */,
				F9C0BF6EA2153FF6E4FBC5A8 /* MainView.swift */,
				5543F1512AE6614C0DE4861D /* QRSource.swift */,
				5009C01A5443FF9242C25F78 /* SourceManager.swift */,
				197CD7BA6EB552D5C96D7431 /* VideoFileSource.swift */,
			);
			path = SimulatorCamera;
			sourceTree = "<group>";
		};
/* End PBXGroup section */

/* Begin PBXNativeTarget section */
		2F825DE5C87BFF9E79530A2A /* simcamctl */ = {
			isa = PBXNativeTarget;
			buildConfigurationList = 26756383C07677D4C5024383 /* Build configuration list for PBXNativeTarget "simcamctl" */;
			buildPhases = (
				FD15B6C3FAB7090CC6E3F9F5 /* Sources */,
			);
			buildRules = (
			);
			dependencies = (
			);
			name = simcamctl;
			packageProductDependencies = (
			);
			productName = simcamctl;
			productReference = FABB5CBC712CB80CE50B8C1E /* simcamctl */;
			productType = "com.apple.product-type.tool";
		};
		96BA321FA52FBFF181CDE181 /* SimulatorCameraExtension */ = {
			isa = PBXNativeTarget;
			buildConfigurationList = 75514DA01A30C0820059B3D6 /* Build configuration list for PBXNativeTarget "SimulatorCameraExtension" */;
			buildPhases = (
				B07C9285E738D4593FB91098 /* Sources */,
			);
			buildRules = (
			);
			dependencies = (
			);
			name = SimulatorCameraExtension;
			packageProductDependencies = (
			);
			productName = SimulatorCameraExtension;
			productReference = F98E17DBE81C3CB7BB6DD64F /* SimulatorCameraExtension.systemextension */;
			productType = "com.apple.product-type.system-extension";
		};
		AD86DF29F2ACE01A4289728A /* SimulatorCameraTests */ = {
			isa = PBXNativeTarget;
			buildConfigurationList = 135A44C5A45D5525715873E3 /* Build configuration list for PBXNativeTarget "SimulatorCameraTests" */;
			buildPhases = (
				2B2AB330A3AB8A86C9B1687F /* Sources */,
			);
			buildRules = (
			);
			dependencies = (
			);
			name = SimulatorCameraTests;
			packageProductDependencies = (
			);
			productName = SimulatorCameraTests;
			productReference = 02097D9CA05CFC06EEBF4035 /* SimulatorCameraTests.xctest */;
			productType = "com.apple.product-type.bundle.unit-test";
		};
		F841A99D64919215BF4E65C1 /* SimulatorCamera */ = {
			isa = PBXNativeTarget;
			buildConfigurationList = BBEB37D7F7DD731A68F7956A /* Build configuration list for PBXNativeTarget "SimulatorCamera" */;
			buildPhases = (
				1096B2376032B3F8640D7973 /* Sources */,
				4AACD8F0F143DE3CA8F7D170 /* Embed Dependencies */,
			);
			buildRules = (
			);
			dependencies = (
				8F2F5D5E894729086B418E7C /* PBXTargetDependency */,
			);
			name = SimulatorCamera;
			packageProductDependencies = (
			);
			productName = SimulatorCamera;
			productReference = DB54B2F9E37B302B163A2E80 /* SimulatorCamera.app */;
			productType = "com.apple.product-type.application";
		};
/* End PBXNativeTarget section */

/* Begin PBXProject section */
		A826E33CF029E6C1E0413B49 /* Project object */ = {
			isa = PBXProject;
			attributes = {
				BuildIndependentTargetsInParallel = YES;
				LastUpgradeCheck = 1430;
				TargetAttributes = {
					2F825DE5C87BFF9E79530A2A = {
						DevelopmentTeam = 27EZNUVV57;
						ProvisioningStyle = Automatic;
					};
					96BA321FA52FBFF181CDE181 = {
						DevelopmentTeam = 27EZNUVV57;
						ProvisioningStyle = Automatic;
					};
					AD86DF29F2ACE01A4289728A = {
						DevelopmentTeam = 27EZNUVV57;
						ProvisioningStyle = Automatic;
					};
					F841A99D64919215BF4E65C1 = {
						DevelopmentTeam = 27EZNUVV57;
						ProvisioningStyle = Automatic;
					};
				};
			};
			buildConfigurationList = 9FC8AAD55B1320ED31DCB651 /* Build configuration list for PBXProject "SimulatorCamera" */;
			developmentRegion = en;
			hasScannedForEncodings = 0;
			knownRegions = (
				Base,
				en,
			);
			mainGroup = 63CDB52FF0C3B205A4C643EF;
			minimizedProjectReferenceProxies = 1;
			preferredProjectObjectVersion = 77;
			productRefGroup = BA66F457FD4957682D57E9FE /* Products */;
			projectDirPath = "";
			projectRoot = "";
			targets = (
				F841A99D64919215BF4E65C1 /* SimulatorCamera */,
				96BA321FA52FBFF181CDE181 /* SimulatorCameraExtension */,
				2F825DE5C87BFF9E79530A2A /* simcamctl */,
				AD86DF29F2ACE01A4289728A /* SimulatorCameraTests */,
			);
		};
/* End PBXProject section */

/* Begin PBXSourcesBuildPhase section */
		1096B2376032B3F8640D7973 /* Sources */ = {
			isa = PBXSourcesBuildPhase;
			buildActionMask = 2147483647;
			files = (
				C45434EC9AC1413E7A3F2336 /* App.swift in Sources */,
				C19164B157204DEC18FE9AEA /* CMIOSinkClient.swift in Sources */,
				B99D036AA1563999AD109EBB /* CameraContract.swift in Sources */,
				51E5EA50870F8492143CA20F /* CameraLink.swift in Sources */,
				A03B198646B946D161279AE4 /* ExtensionController.swift in Sources */,
				CA28817E141686080C6B6B62 /* FrameRaster.swift in Sources */,
				501C657F795A0DC953369029 /* FrameSource.swift in Sources */,
				15791A539F2708C098E31D62 /* ImageSource.swift in Sources */,
				D3B54EFD8EC9634626E4351F /* MacCameraSource.swift in Sources */,
				386FA16D47CF0C291E857D00 /* MainView.swift in Sources */,
				4FC626F7D38B26A92C8F017F /* QRRenderer.swift in Sources */,
				407FDEB20AF617B242C43F43 /* QRSource.swift in Sources */,
				0B0F268D9B7EE26F8904395C /* SourceManager.swift in Sources */,
				F6D3FCD3CDF09C4E6AB84FB0 /* VideoFileSource.swift in Sources */,
			);
			runOnlyForDeploymentPostprocessing = 0;
		};
		2B2AB330A3AB8A86C9B1687F /* Sources */ = {
			isa = PBXSourcesBuildPhase;
			buildActionMask = 2147483647;
			files = (
				30DCA34043EAA4DDA7E43A57 /* CMIOSinkClient.swift in Sources */,
				BE593A54205871224550F5FF /* CameraContract.swift in Sources */,
				A17CABFD712A0F8A6992E430 /* CameraContractTests.swift in Sources */,
				5E029E026C17668F22241296 /* FrameRaster.swift in Sources */,
				D28E5DD221A2F8ACAEFD1D9A /* QRRenderer.swift in Sources */,
			);
			runOnlyForDeploymentPostprocessing = 0;
		};
		B07C9285E738D4593FB91098 /* Sources */ = {
			isa = PBXSourcesBuildPhase;
			buildActionMask = 2147483647;
			files = (
				D97A5DF273D525682867329C /* CMIOSinkClient.swift in Sources */,
				EA24C3B90C006BB89A1CDC6B /* CameraContract.swift in Sources */,
				2AB97A0BCC2C375207D8AFD6 /* FrameRaster.swift in Sources */,
				704954DE3FE7D5F29F53A9EF /* QRRenderer.swift in Sources */,
				07A2A4651AA575FEBF94D191 /* SimulatorCameraProvider.swift in Sources */,
				179FDC3A8B0E644F699454C4 /* main.swift in Sources */,
			);
			runOnlyForDeploymentPostprocessing = 0;
		};
		FD15B6C3FAB7090CC6E3F9F5 /* Sources */ = {
			isa = PBXSourcesBuildPhase;
			buildActionMask = 2147483647;
			files = (
				A86A15DD7CB53CE6EB144F28 /* CMIOSinkClient.swift in Sources */,
				123734FDBD4B874EC803EC0B /* CameraContract.swift in Sources */,
				313CD0876911B414C8C71B91 /* FrameRaster.swift in Sources */,
				BFBE13333CF067BDB88CB825 /* QRRenderer.swift in Sources */,
				9A9423F300616A5876893390 /* SimCamCLIClient.swift in Sources */,
				9F46B480FDD94B5D2359EB61 /* main.swift in Sources */,
			);
			runOnlyForDeploymentPostprocessing = 0;
		};
/* End PBXSourcesBuildPhase section */

/* Begin PBXTargetDependency section */
		8F2F5D5E894729086B418E7C /* PBXTargetDependency */ = {
			isa = PBXTargetDependency;
			target = 96BA321FA52FBFF181CDE181 /* SimulatorCameraExtension */;
			targetProxy = 7D16D21985B82E71E2F01CF9 /* PBXContainerItemProxy */;
		};
/* End PBXTargetDependency section */

/* Begin XCBuildConfiguration section */
		072926521B40E2AC043AA609 /* Release */ = {
			isa = XCBuildConfiguration;
			buildSettings = {
				ALWAYS_SEARCH_USER_PATHS = NO;
				CLANG_ANALYZER_NONNULL = YES;
				CLANG_ANALYZER_NUMBER_OBJECT_CONVERSION = YES_AGGRESSIVE;
				CLANG_CXX_LANGUAGE_STANDARD = "gnu++14";
				CLANG_CXX_LIBRARY = "libc++";
				CLANG_ENABLE_MODULES = YES;
				CLANG_ENABLE_OBJC_ARC = YES;
				CLANG_ENABLE_OBJC_WEAK = YES;
				CLANG_WARN_BLOCK_CAPTURE_AUTORELEASING = YES;
				CLANG_WARN_BOOL_CONVERSION = YES;
				CLANG_WARN_COMMA = YES;
				CLANG_WARN_CONSTANT_CONVERSION = YES;
				CLANG_WARN_DEPRECATED_OBJC_IMPLEMENTATIONS = YES;
				CLANG_WARN_DIRECT_OBJC_ISA_USAGE = YES_ERROR;
				CLANG_WARN_DOCUMENTATION_COMMENTS = YES;
				CLANG_WARN_EMPTY_BODY = YES;
				CLANG_WARN_ENUM_CONVERSION = YES;
				CLANG_WARN_INFINITE_RECURSION = YES;
				CLANG_WARN_INT_CONVERSION = YES;
				CLANG_WARN_NON_LITERAL_NULL_CONVERSION = YES;
				CLANG_WARN_OBJC_IMPLICIT_RETAIN_SELF = YES;
				CLANG_WARN_OBJC_LITERAL_CONVERSION = YES;
				CLANG_WARN_OBJC_ROOT_CLASS = YES_ERROR;
				CLANG_WARN_QUOTED_INCLUDE_IN_FRAMEWORK_HEADER = YES;
				CLANG_WARN_RANGE_LOOP_ANALYSIS = YES;
				CLANG_WARN_STRICT_PROTOTYPES = YES;
				CLANG_WARN_SUSPICIOUS_MOVE = YES;
				CLANG_WARN_UNGUARDED_AVAILABILITY = YES_AGGRESSIVE;
				CLANG_WARN_UNREACHABLE_CODE = YES;
				CLANG_WARN__DUPLICATE_METHOD_MATCH = YES;
				CODE_SIGN_IDENTITY = "Apple Development";
				"CODE_SIGN_IDENTITY[sdk=macosx*]" = "Apple Development";
				CODE_SIGN_STYLE = Automatic;
				COPY_PHASE_STRIP = NO;
				CURRENT_PROJECT_VERSION = 1;
				DEAD_CODE_STRIPPING = YES;
				DEBUG_INFORMATION_FORMAT = "dwarf-with-dsym";
				DEVELOPMENT_TEAM = 27EZNUVV57;
				ENABLE_NS_ASSERTIONS = NO;
				ENABLE_STRICT_OBJC_MSGSEND = YES;
				ENABLE_USER_SCRIPT_SANDBOXING = YES;
				GCC_C_LANGUAGE_STANDARD = gnu11;
				GCC_NO_COMMON_BLOCKS = YES;
				GCC_WARN_64_TO_32_BIT_CONVERSION = YES;
				GCC_WARN_ABOUT_RETURN_TYPE = YES_ERROR;
				GCC_WARN_UNDECLARED_SELECTOR = YES;
				GCC_WARN_UNINITIALIZED_AUTOS = YES_AGGRESSIVE;
				GCC_WARN_UNUSED_FUNCTION = YES;
				GCC_WARN_UNUSED_VARIABLE = YES;
				MACOSX_DEPLOYMENT_TARGET = 14.0;
				MARKETING_VERSION = 1.0.0;
				MTL_ENABLE_DEBUG_INFO = NO;
				MTL_FAST_MATH = YES;
				PRODUCT_NAME = "$(TARGET_NAME)";
				SDKROOT = macosx;
				SWIFT_COMPILATION_MODE = wholemodule;
				SWIFT_OPTIMIZATION_LEVEL = "-O";
				SWIFT_STRICT_CONCURRENCY = minimal;
				SWIFT_VERSION = 5.10;
			};
			name = Release;
		};
		08D6C80521165C5C571CF562 /* Debug */ = {
			isa = XCBuildConfiguration;
			buildSettings = {
				BUNDLE_LOADER = "$(TEST_HOST)";
				CODE_SIGN_STYLE = Automatic;
				COMBINE_HIDPI_IMAGES = YES;
				LD_RUNPATH_SEARCH_PATHS = (
					"$(inherited)",
					"@executable_path/../Frameworks",
					"@loader_path/../Frameworks",
				);
				PRODUCT_BUNDLE_IDENTIFIER = com.dautov.SimulatorCamera.Tests;
				SDKROOT = macosx;
			};
			name = Debug;
		};
		15BB7437A0E0E3DBE1EE54F6 /* Debug */ = {
			isa = XCBuildConfiguration;
			buildSettings = {
				ASSETCATALOG_COMPILER_APPICON_NAME = AppIcon;
				CODE_SIGN_ENTITLEMENTS = SimulatorCamera/SimulatorCamera.entitlements;
				CODE_SIGN_STYLE = Automatic;
				COMBINE_HIDPI_IMAGES = YES;
				ENABLE_HARDENED_RUNTIME = YES;
				GENERATE_INFOPLIST_FILE = NO;
				INFOPLIST_FILE = SimulatorCamera/Info.plist;
				LD_RUNPATH_SEARCH_PATHS = (
					"$(inherited)",
					"@executable_path/../Frameworks",
				);
				PRODUCT_BUNDLE_IDENTIFIER = com.dautov.SimulatorCamera;
				PRODUCT_NAME = SimulatorCamera;
				SDKROOT = macosx;
			};
			name = Debug;
		};
		285468F9A97DC35EA929EB78 /* Debug */ = {
			isa = XCBuildConfiguration;
			buildSettings = {
				CODE_SIGN_STYLE = Automatic;
				COMBINE_HIDPI_IMAGES = YES;
				ENABLE_HARDENED_RUNTIME = YES;
				LD_RUNPATH_SEARCH_PATHS = (
					"$(inherited)",
					"@executable_path/../Frameworks",
				);
				PRODUCT_BUNDLE_IDENTIFIER = com.dautov.simcamctl;
				PRODUCT_NAME = simcamctl;
				SDKROOT = macosx;
				SKIP_INSTALL = NO;
			};
			name = Debug;
		};
		419BA6B7B82E0C070F74BBB8 /* Debug */ = {
			isa = XCBuildConfiguration;
			buildSettings = {
				ALWAYS_SEARCH_USER_PATHS = NO;
				CLANG_ANALYZER_NONNULL = YES;
				CLANG_ANALYZER_NUMBER_OBJECT_CONVERSION = YES_AGGRESSIVE;
				CLANG_CXX_LANGUAGE_STANDARD = "gnu++14";
				CLANG_CXX_LIBRARY = "libc++";
				CLANG_ENABLE_MODULES = YES;
				CLANG_ENABLE_OBJC_ARC = YES;
				CLANG_ENABLE_OBJC_WEAK = YES;
				CLANG_WARN_BLOCK_CAPTURE_AUTORELEASING = YES;
				CLANG_WARN_BOOL_CONVERSION = YES;
				CLANG_WARN_COMMA = YES;
				CLANG_WARN_CONSTANT_CONVERSION = YES;
				CLANG_WARN_DEPRECATED_OBJC_IMPLEMENTATIONS = YES;
				CLANG_WARN_DIRECT_OBJC_ISA_USAGE = YES_ERROR;
				CLANG_WARN_DOCUMENTATION_COMMENTS = YES;
				CLANG_WARN_EMPTY_BODY = YES;
				CLANG_WARN_ENUM_CONVERSION = YES;
				CLANG_WARN_INFINITE_RECURSION = YES;
				CLANG_WARN_INT_CONVERSION = YES;
				CLANG_WARN_NON_LITERAL_NULL_CONVERSION = YES;
				CLANG_WARN_OBJC_IMPLICIT_RETAIN_SELF = YES;
				CLANG_WARN_OBJC_LITERAL_CONVERSION = YES;
				CLANG_WARN_OBJC_ROOT_CLASS = YES_ERROR;
				CLANG_WARN_QUOTED_INCLUDE_IN_FRAMEWORK_HEADER = YES;
				CLANG_WARN_RANGE_LOOP_ANALYSIS = YES;
				CLANG_WARN_STRICT_PROTOTYPES = YES;
				CLANG_WARN_SUSPICIOUS_MOVE = YES;
				CLANG_WARN_UNGUARDED_AVAILABILITY = YES_AGGRESSIVE;
				CLANG_WARN_UNREACHABLE_CODE = YES;
				CLANG_WARN__DUPLICATE_METHOD_MATCH = YES;
				CODE_SIGN_IDENTITY = "Apple Development";
				"CODE_SIGN_IDENTITY[sdk=macosx*]" = "Apple Development";
				CODE_SIGN_STYLE = Automatic;
				COPY_PHASE_STRIP = NO;
				CURRENT_PROJECT_VERSION = 1;
				DEAD_CODE_STRIPPING = YES;
				DEBUG_INFORMATION_FORMAT = dwarf;
				DEVELOPMENT_TEAM = 27EZNUVV57;
				ENABLE_STRICT_OBJC_MSGSEND = YES;
				ENABLE_TESTABILITY = YES;
				ENABLE_USER_SCRIPT_SANDBOXING = YES;
				GCC_C_LANGUAGE_STANDARD = gnu11;
				GCC_DYNAMIC_NO_PIC = NO;
				GCC_NO_COMMON_BLOCKS = YES;
				GCC_OPTIMIZATION_LEVEL = 0;
				GCC_PREPROCESSOR_DEFINITIONS = (
					"$(inherited)",
					"DEBUG=1",
				);
				GCC_WARN_64_TO_32_BIT_CONVERSION = YES;
				GCC_WARN_ABOUT_RETURN_TYPE = YES_ERROR;
				GCC_WARN_UNDECLARED_SELECTOR = YES;
				GCC_WARN_UNINITIALIZED_AUTOS = YES_AGGRESSIVE;
				GCC_WARN_UNUSED_FUNCTION = YES;
				GCC_WARN_UNUSED_VARIABLE = YES;
				MACOSX_DEPLOYMENT_TARGET = 14.0;
				MARKETING_VERSION = 1.0.0;
				MTL_ENABLE_DEBUG_INFO = INCLUDE_SOURCE;
				MTL_FAST_MATH = YES;
				ONLY_ACTIVE_ARCH = YES;
				PRODUCT_NAME = "$(TARGET_NAME)";
				SDKROOT = macosx;
				SWIFT_ACTIVE_COMPILATION_CONDITIONS = DEBUG;
				SWIFT_OPTIMIZATION_LEVEL = "-Onone";
				SWIFT_STRICT_CONCURRENCY = minimal;
				SWIFT_VERSION = 5.10;
			};
			name = Debug;
		};
		49BC6C74360D1D21B0C20FD8 /* Release */ = {
			isa = XCBuildConfiguration;
			buildSettings = {
				CODE_SIGN_STYLE = Automatic;
				COMBINE_HIDPI_IMAGES = YES;
				ENABLE_HARDENED_RUNTIME = YES;
				LD_RUNPATH_SEARCH_PATHS = (
					"$(inherited)",
					"@executable_path/../Frameworks",
				);
				PRODUCT_BUNDLE_IDENTIFIER = com.dautov.simcamctl;
				PRODUCT_NAME = simcamctl;
				SDKROOT = macosx;
				SKIP_INSTALL = NO;
			};
			name = Release;
		};
		7D0098AA349AC8B8575ABAF3 /* Release */ = {
			isa = XCBuildConfiguration;
			buildSettings = {
				BUNDLE_LOADER = "$(TEST_HOST)";
				CODE_SIGN_STYLE = Automatic;
				COMBINE_HIDPI_IMAGES = YES;
				LD_RUNPATH_SEARCH_PATHS = (
					"$(inherited)",
					"@executable_path/../Frameworks",
					"@loader_path/../Frameworks",
				);
				PRODUCT_BUNDLE_IDENTIFIER = com.dautov.SimulatorCamera.Tests;
				SDKROOT = macosx;
			};
			name = Release;
		};
		9B5B858A436518EFAEC4E85C /* Release */ = {
			isa = XCBuildConfiguration;
			buildSettings = {
				CODE_SIGN_ENTITLEMENTS = SimulatorCameraExtension/SimulatorCameraExtension.entitlements;
				CODE_SIGN_STYLE = Automatic;
				COMBINE_HIDPI_IMAGES = YES;
				ENABLE_HARDENED_RUNTIME = YES;
				GENERATE_INFOPLIST_FILE = NO;
				INFOPLIST_FILE = SimulatorCameraExtension/Info.plist;
				LD_RUNPATH_SEARCH_PATHS = (
					"$(inherited)",
					"@executable_path/../Frameworks",
				);
				PRODUCT_BUNDLE_IDENTIFIER = com.dautov.SimulatorCamera.Extension;
				PRODUCT_NAME = SimulatorCameraExtension;
				SDKROOT = macosx;
				SKIP_INSTALL = YES;
			};
			name = Release;
		};
		BAB11D5B1CA0F0ECD5EB9CFA /* Release */ = {
			isa = XCBuildConfiguration;
			buildSettings = {
				ASSETCATALOG_COMPILER_APPICON_NAME = AppIcon;
				CODE_SIGN_ENTITLEMENTS = SimulatorCamera/SimulatorCamera.entitlements;
				CODE_SIGN_STYLE = Automatic;
				COMBINE_HIDPI_IMAGES = YES;
				ENABLE_HARDENED_RUNTIME = YES;
				GENERATE_INFOPLIST_FILE = NO;
				INFOPLIST_FILE = SimulatorCamera/Info.plist;
				LD_RUNPATH_SEARCH_PATHS = (
					"$(inherited)",
					"@executable_path/../Frameworks",
				);
				PRODUCT_BUNDLE_IDENTIFIER = com.dautov.SimulatorCamera;
				PRODUCT_NAME = SimulatorCamera;
				SDKROOT = macosx;
			};
			name = Release;
		};
		D20E37D27F081A987D8244DB /* Debug */ = {
			isa = XCBuildConfiguration;
			buildSettings = {
				CODE_SIGN_ENTITLEMENTS = SimulatorCameraExtension/SimulatorCameraExtension.entitlements;
				CODE_SIGN_STYLE = Automatic;
				COMBINE_HIDPI_IMAGES = YES;
				ENABLE_HARDENED_RUNTIME = YES;
				GENERATE_INFOPLIST_FILE = NO;
				INFOPLIST_FILE = SimulatorCameraExtension/Info.plist;
				LD_RUNPATH_SEARCH_PATHS = (
					"$(inherited)",
					"@executable_path/../Frameworks",
				);
				PRODUCT_BUNDLE_IDENTIFIER = com.dautov.SimulatorCamera.Extension;
				PRODUCT_NAME = SimulatorCameraExtension;
				SDKROOT = macosx;
				SKIP_INSTALL = YES;
			};
			name = Debug;
		};
/* End XCBuildConfiguration section */

/* Begin XCConfigurationList section */
		135A44C5A45D5525715873E3 /* Build configuration list for PBXNativeTarget "SimulatorCameraTests" */ = {
			isa = XCConfigurationList;
			buildConfigurations = (
				08D6C80521165C5C571CF562 /* Debug */,
				7D0098AA349AC8B8575ABAF3 /* Release */,
			);
			defaultConfigurationIsVisible = 0;
			defaultConfigurationName = Debug;
		};
		26756383C07677D4C5024383 /* Build configuration list for PBXNativeTarget "simcamctl" */ = {
			isa = XCConfigurationList;
			buildConfigurations = (
				285468F9A97DC35EA929EB78 /* Debug */,
				49BC6C74360D1D21B0C20FD8 /* Release */,
			);
			defaultConfigurationIsVisible = 0;
			defaultConfigurationName = Debug;
		};
		75514DA01A30C0820059B3D6 /* Build configuration list for PBXNativeTarget "SimulatorCameraExtension" */ = {
			isa = XCConfigurationList;
			buildConfigurations = (
				D20E37D27F081A987D8244DB /* Debug */,
				9B5B858A436518EFAEC4E85C /* Release */,
			);
			defaultConfigurationIsVisible = 0;
			defaultConfigurationName = Debug;
		};
		9FC8AAD55B1320ED31DCB651 /* Build configuration list for PBXProject "SimulatorCamera" */ = {
			isa = XCConfigurationList;
			buildConfigurations = (
				419BA6B7B82E0C070F74BBB8 /* Debug */,
				072926521B40E2AC043AA609 /* Release */,
			);
			defaultConfigurationIsVisible = 0;
			defaultConfigurationName = Debug;
		};
		BBEB37D7F7DD731A68F7956A /* Build configuration list for PBXNativeTarget "SimulatorCamera" */ = {
			isa = XCConfigurationList;
			buildConfigurations = (
				15BB7437A0E0E3DBE1EE54F6 /* Debug */,
				BAB11D5B1CA0F0ECD5EB9CFA /* Release */,
			);
			defaultConfigurationIsVisible = 0;
			defaultConfigurationName = Debug;
		};
/* End XCConfigurationList section */
	};
	rootObject = A826E33CF029E6C1E0413B49 /* Project object */;
}
